// !$*UTF8*$!
{
	archiveVersion = 1;
	classes = {
	};
	objectVersion = 48;
	objects = {

/* Begin PBXBuildFile section */
		B953186D20732E8700ADBF96 /* AppDelegate.m in Sources */ = {isa = PBXBuildFile; fileRef = B953186C20732E8700ADBF96 /* AppDelegate.m */; };
		B953187020732E8700ADBF96 /* ViewController.m in Sources */ = {isa = PBXBuildFile; fileRef = B953186F20732E8700ADBF96 /* ViewController.m */; };
		B953187220732E8700ADBF96 /* Assets.xcassets in Resources */ = {isa = PBXBuildFile; fileRef = B953187120732E8700ADBF96 /* Assets.xcassets */; };
		B953187520732E8700ADBF96 /* Main.storyboard in Resources */ = {isa = PBXBuildFile; fileRef = B953187320732E8700ADBF96 /* Main.storyboard */; };
		B953187820732E8700ADBF96 /* main.m in Sources */ = {isa = PBXBuildFile; fileRef = B953187720732E8700ADBF96 /* main.m */; };
/* End PBXBuildFile section */

/* Begin PBXFileReference section */
		B953186820732E8600ADBF96 /* 二维码生成工具.app */ = {isa = PBXFileReference; explicitFileType = wrapper.application; includeInIndex = 0; path = "二维码生成工具.app"; sourceTree = BUILT_PRODUCTS_DIR; };
		B953186B20732E8700ADBF96 /* AppDelegate.h */ = {isa = PBXFileReference; lastKnownFileType = sourcecode.c.h; path = AppDelegate.h; sourceTree = "<group>"; };
		B953186C20732E8700ADBF96 /* AppDelegate.m */ = {isa = PBXFileReference; lastKnownFileType = sourcecode.c.objc; path = AppDelegate.m; sourceTree = "<group>"; };
		B953186E20732E8700ADBF96 /* ViewController.h */ = {isa = PBXFileReference; lastKnownFileType = sourcecode.c.h; path = ViewController.h; sourceTree = "<group>"; };
		B953186F20732E8700ADBF96 /* ViewController.m */ = {isa = PBXFileReference; lastKnownFileType = sourcecode.c.objc; path = ViewController.m; sourceTree = "<group>"; };
		B953187120732E8700ADBF96 /* Assets.xcassets */ = {isa = PBXFileReference; lastKnownFileType = folder.assetcatalog; path = Assets.xcassets; sourceTree = "<group>"; };
		B953187420732E8700ADBF96 /* Base */ = {isa = PBXFileReference; lastKnownFileType = file.storyboard; name = Base; path = Base.lproj/Main.storyboard; sourceTree = "<group>"; };
		B953187620732E8700ADBF96 /* Info.plist */ = {isa = PBXFileReference; lastKnownFileType = text.plist.xml; path = Info.plist; sourceTree = "<group>"; };
		B953187720732E8700ADBF96 /* main.m */ = {isa = PBXFileReference; lastKnownFileType = sourcecode.c.objc; path = main.m; sourceTree = "<group>"; };
		B953187920732E8700ADBF96 /* CreateQRcode.entitlements */ = {isa = PBXFileReference; lastKnownFileType = text.plist.entitlements; path = CreateQRcode.entitlements; sourceTree = "<group>"; };
/* End PBXFileReference section */

/* Begin PBXFrameworksBuildPhase section */
		B953186520732E8600ADBF96 /* Frameworks */ = {
			isa = PBXFrameworksBuildPhase;
			buildActionMask = 2147483647;
			files = (
			);
			runOnlyForDeploymentPostprocessing = 0;
		};
/* End PBXFrameworksBuildPhase section */

/* Begin PBXGroup section */
		B953185F20732E8600ADBF96 = {
			isa = PBXGroup;
			children = (
				B953186A20732E8600ADBF96 /* CreateQRcode */,
				B953186920732E8600ADBF96 /* Products */,
			);
			sourceTree = "<group>";
		};
		B953186920732E8600ADBF96 /* Products */ = {
			isa = PBXGroup;
			children = (
				B953186820732E8600ADBF96 /* 二维码生成工具.app */,
			);
			name = Products;
			sourceTree = "<group>";
		};
		B953186A20732E8600ADBF96 /* CreateQRcode */ = {
			isa = PBXGroup;
			children = (
				B953186B20732E8700ADBF96 /* AppDelegate.h */,
				B953186C20732E8700ADBF96 /* AppDelegate.m */,
				B953186E20732E8700ADBF96 /* ViewController.h */,
				B953186F20732E8700ADBF96 /* ViewController.m */,
				B953187120732E8700ADBF96 /* Assets.xcassets */,
				B953187320732E8700ADBF96 /* Main.storyboard */,
				B953187620732E8700ADBF96 /* Info.plist */,
				B953187720732E8700ADBF96 /* main.m */,
				B953187920732E8700ADBF96 /* CreateQRcode.entitlements */,
			);
			path = CreateQRcode;
			sourceTree = "<group>";
		};
/* End PBXGroup section */

/* Begin PBXNativeTarget section */
		B953186720732E8600ADBF96 /* CreateQRcode */ = {
			isa = PBXNativeTarget;
			buildConfigurationList = B953187C20732E8700ADBF96 /* Build configuration list for PBXNativeTarget "CreateQRcode" */;
			buildPhases = (
				B953186420732E8600ADBF96 /* Sources */,
				B953186520732E8600ADBF96 /* Frameworks */,
				B953186620732E8600ADBF96 /* Resources */,
			);
			buildRules = (
			);
			dependencies = (
			);
			name = CreateQRcode;
			productName = CreateQRcode;
			productReference = B953186820732E8600ADBF96 /* 二维码生成工具.app */;
			productType = "com.apple.product-type.application";
		};
/* End PBXNativeTarget section */

/* Begin PBXProject section */
		B953186020732E8600ADBF96 /* Project object */ = {
			isa = PBXProject;
			attributes = {
				LastUpgradeCheck = 0920;
				ORGANIZATIONNAME = candela;
				TargetAttributes = {
					B953186720732E8600ADBF96 = {
						CreatedOnToolsVersion = 9.2;
						ProvisioningStyle = Automatic;
					};
				};
			};
			buildConfigurationList = B953186320732E8600ADBF96 /* Build configuration list for PBXProject "CreateQRcode" */;
			compatibilityVersion = "Xcode 8.0";
			developmentRegion = en;
			hasScannedForEncodings = 0;
			knownRegions = (
				en,
				Base,
			);
			mainGroup = B953185F20732E8600ADBF96;
			productRefGroup = B953186920732E8600ADBF96 /* Products */;
			projectDirPath = "";
			projectRoot = "";
			targets = (
				B953186720732E8600ADBF96 /* CreateQRcode */,
			);
		};
/* End PBXProject section */

/* Begin PBXResourcesBuildPhase section */
		B953186620732E8600ADBF96 /* Resources */ = {
			isa = PBXResourcesBuildPhase;
			buildActionMask = 2147483647;
			files = (
				B953187220732E8700ADBF96 /* Assets.xcassets in Resources */,
				B953187520732E8700ADBF96 /* Main.storyboard in Resources */,
			);
			runOnlyForDeploymentPostprocessing = 0;
		};
/* End PBXResourcesBuildPhase section */

/* Begin PBXSourcesBuildPhase section */
		B953186420732E8600ADBF96 /* Sources */ = {
			isa = PBXSourcesBuildPhase;
			buildActionMask = 2147483647;
			files = (
				B953187020732E8700ADBF96 /* ViewController.m in Sources */,
				B953187820732E8700ADBF96 /* main.m in Sources */,
				B953186D20732E8700ADBF96 /* AppDelegate.m in Sources */,
			);
			runOnlyForDeploymentPostprocessing = 0;
		};
/* End PBXSourcesBuildPhase section */

/* Begin PBXVariantGroup section */
		B953187320732E8700ADBF96 /* Main.storyboard */ = {
			isa = PBXVariantGroup;
			children = (
				B953187420732E8700ADBF96 /* Base */,
			);
			name = Main.storyboard;
			sourceTree = "<group>";
		};
/* End PBXVariantGroup section */

/* Begin XCBuildConfiguration section */
		B953187A20732E8700ADBF96 /* Debug */ = {
			isa = XCBuildConfiguration;
			buildSettings = {
				ALWAYS_SEARCH_USER_PATHS = NO;
				CLANG_ANALYZER_NONNULL = YES;
				CLANG_ANALYZER_NUMBER_OBJECT_CONVERSION = YES_AGGRESSIVE;
				CLANG_CXX_LANGUAGE_STANDARD = "gnu++14";
				CLANG_CXX_LIBRARY = "libc++";
				CLANG_ENABLE_MODULES = YES;
				CLANG_ENABLE_OBJC_ARC = YES;
				CLANG_WARN_BLOCK_CAPTURE_AUTORELEASING = YES;
				CLANG_WARN_BOOL_CONVERSION = YES;
				CLANG_WARN_COMMA = YES;
				CLANG_WARN_CONSTANT_CONVERSION = YES;
				CLANG_WARN_DIRECT_OBJC_ISA_USAGE = YES_ERROR;
				CLANG_WARN_DOCUMENTATION_COMMENTS = YES;
				CLANG_WARN_EMPTY_BODY = YES;
				CLANG_WARN_ENUM_CONVERSION = YES;
				CLANG_WARN_INFINITE_RECURSION = YES;
				CLANG_WARN_INT_CONVERSION = YES;
				CLANG_WARN_NON_LITERAL_NULL_CONVERSION = YES;
				CLANG_WARN_OBJC_LITERAL_CONVERSION = YES;
				CLANG_WARN_OBJC_ROOT_CLASS = YES_ERROR;
				CLANG_WARN_RANGE_LOOP_ANALYSIS = YES;
				CLANG_WARN_STRICT_PROTOTYPES = YES;
				CLANG_WARN_SUSPICIOUS_MOVE = YES;
				CLANG_WARN_UNGUARDED_AVAILABILITY = YES_AGGRESSIVE;
				CLANG_WARN_UNREACHABLE_CODE = YES;
				CLANG_WARN__DUPLICATE_METHOD_MATCH = YES;
				CODE_SIGN_IDENTITY = "-";
				COPY_PHASE_STRIP = NO;
				DEBUG_INFORMATION_FORMAT = dwarf;
				ENABLE_STRICT_OBJC_MSGSEND = YES;
				ENABLE_TESTABILITY = YES;
				GCC_C_LANGUAGE_STANDARD = gnu11;
				GCC_DYNAMIC_NO_PIC = NO;
				GCC_NO_COMMON_BLOCKS = YES;
				GCC_OPTIMIZATION_LEVEL = 0;
				GCC_PREPROCESSOR_DEFINITIONS = (
					"DEBUG=1",
					"$(inherited)",
				);
				GCC_WARN_64_TO_32_BIT_CONVERSION = YES;
				GCC_WARN_ABOUT_RETURN_TYPE = YES_ERROR;
				GCC_WARN_UNDECLARED_SELECTOR = YES;
				GCC_WARN_UNINITIALIZED_AUTOS = YES_AGGRESSIVE;
				GCC_WARN_UNUSED_FUNCTION = YES;
				GCC_WARN_UNUSED_VARIABLE = YES;
				MACOSX_DEPLOYMENT_TARGET = 10.13;
				MTL_ENABLE_DEBUG_INFO = YES;
				ONLY_ACTIVE_ARCH = YES;
				SDKROOT = macosx;
			};
			name = Debug;
		};
		B953187B20732E8700ADBF96 /* Release */ = {
			isa = XCBuildConfiguration;
			buildSettings = {
				ALWAYS_SEARCH_USER_PATHS = NO;
				CLANG_ANALYZER_NONNULL = YES;
				CLANG_ANALYZER_NUMBER_OBJECT_CONVERSION = YES_AGGRESSIVE;
				CLANG_CXX_LANGUAGE_STANDARD = "gnu++14";
				CLANG_CXX_LIBRARY = "libc++";
				CLANG_ENABLE_MODULES = YES;
				CLANG_ENABLE_OBJC_ARC = YES;
				CLANG_WARN_BLOCK_CAPTURE_AUTORELEASING = YES;
				CLANG_WARN_BOOL_CONVERSION = YES;
				CLANG_WARN_COMMA = YES;
				CLANG_WARN_CONSTANT_CONVERSION = YES;
				CLANG_WARN_DIRECT_OBJC_ISA_USAGE = YES_ERROR;
				CLANG_WARN_DOCUMENTATION_COMMENTS = YES;
				CLANG_WARN_EMPTY_BODY = YES;
				CLANG_WARN_ENUM_CONVERSION = YES;
				CLANG_WARN_INFINITE_RECURSION = YES;
				CLANG_WARN_INT_CONVERSION = YES;
				CLANG_WARN_NON_LITERAL_NULL_CONVERSION = YES;
				CLANG_WARN_OBJC_LITERAL_CONVERSION = YES;
				CLANG_WARN_OBJC_ROOT_CLASS = YES_ERROR;
				CLANG_WARN_RANGE_LOOP_ANALYSIS = YES;
				CLANG_WARN_STRICT_PROTOTYPES = YES;
				CLANG_WARN_SUSPICIOUS_MOVE = YES;
				CLANG_WARN_UNGUARDED_AVAILABILITY = YES_AGGRESSIVE;
				CLANG_WARN_UNREACHABLE_CODE = YES;
				CLANG_WARN__DUPLICATE_METHOD_MATCH = YES;
				CODE_SIGN_IDENTITY = "-";
				COPY_PHASE_STRIP = NO;
				DEBUG_INFORMATION_FORMAT = "dwarf-with-dsym";
				ENABLE_NS_ASSERTIONS = NO;
				ENABLE_STRICT_OBJC_MSGSEND = YES;
				GCC_C_LANGUAGE_STANDARD = gnu11;
				GCC_NO_COMMON_BLOCKS = YES;
				GCC_WARN_64_TO_32_BIT_CONVERSION = YES;
				GCC_WARN_ABOUT_RETURN_TYPE = YES_ERROR;
				GCC_WARN_UNDECLARED_SELECTOR = YES;
				GCC_WARN_UNINITIALIZED_AUTOS = YES_AGGRESSIVE;
				GCC_WARN_UNUSED_FUNCTION = YES;
				GCC_WARN_UNUSED_VARIABLE = YES;
				MACOSX_DEPLOYMENT_TARGET = 10.13;
				MTL_ENABLE_DEBUG_INFO = NO;
				SDKROOT = macosx;
			};
			name = Release;
		};
		B953187D20732E8700ADBF96 /* Debug */ = {
			isa = XCBuildConfiguration;
			buildSettings = {
				ASSETCATALOG_COMPILER_APPICON_NAME = AppIcon;
				CODE_SIGN_STYLE = Automatic;
				COMBINE_HIDPI_IMAGES = YES;
				INFOPLIST_FILE = CreateQRcode/Info.plist;
				LD_RUNPATH_SEARCH_PATHS = "$(inherited) @executable_path/../Frameworks";
				PRODUCT_BUNDLE_IDENTIFIER = Candela.CreateQRcode;
				PRODUCT_MODULE_NAME = "二维码生成工具";
				PRODUCT_NAME = "二维码生成工具";
			};
			name = Debug;
		};
		B953187E20732E8700ADBF96 /* Release */ = {
			isa = XCBuildConfiguration;
			buildSettings = {
				ASSETCATALOG_COMPILER_APPICON_NAME = AppIcon;
				CODE_SIGN_STYLE = Automatic;
				COMBINE_HIDPI_IMAGES = YES;
				INFOPLIST_FILE = CreateQRcode/Info.plist;
				LD_RUNPATH_SEARCH_PATHS = "$(inherited) @executable_path/../Frameworks";
				PRODUCT_BUNDLE_IDENTIFIER = Candela.CreateQRcode;
				PRODUCT_MODULE_NAME = "二维码生成工具";
				PRODUCT_NAME = "二维码生成工具";
			};
			name = Release;
		};
/* End XCBuildConfiguration section */

/* Begin XCConfigurationList section */
		B953186320732E8600ADBF96 /* Build configuration list for PBXProject "CreateQRcode" */ = {
			isa = XCConfigurationList;
			buildConfigurations = (
				B953187A20732E8700ADBF96 /* Debug */,
				B953187B20732E8700ADBF96 /* Release */,
			);
			defaultConfigurationIsVisible = 0;
			defaultConfigurationName = Release;
		};
		B953187C20732E8700ADBF96 /* Build configuration list for PBXNativeTarget "CreateQRcode" */ = {
			isa = XCConfigurationList;
			buildConfigurations = (
				B953187D20732E8700ADBF96 /* Debug */,
				B953187E20732E8700ADBF96 /* Release */,
			);
			defaultConfigurationIsVisible = 0;
			defaultConfigurationName = Release;
		};
/* End XCConfigurationList section */
	};
	rootObject = B953186020732E8600ADBF96 /* Project object */;
}
